
Microsoft Visual Studio Solution File, Format Version 12.00
# Visual Studio Version 16
VisualStudioVersion = 16.0.30907.101
MinimumVisualStudioVersion = 10.0.40219.1
Project("{FAE04EC0-301F-11D3-BF4B-00C04F79EFBC}") = "BewerbungDirtingTim", "BewerbungDirtingTim\BewerbungDirtingTim.csproj", "{3DC4C613-A02C-43D5-8C92-7536EADA6B49}"
EndProject
Global
	GlobalSection(SolutionConfigurationPlatforms) = preSolution
		Debug|Any CPU = Debug|Any CPU
		Release|Any CPU = Release|Any CPU
	EndGlobalSection
	GlobalSection(ProjectConfigurationPlatforms) = postSolution
		{3DC4C613-A02C-43D5-8C92-7536EADA6B49}.Debug|Any CPU.ActiveCfg = Debug|Any CPU
		{3DC4C613-A02C-43D5-8C92-7536EADA6B49}.Debug|Any CPU.Build.0 = Debug|Any CPU
		{3DC4C613-A02C-43D5-8C92-7536EADA6B49}.Release|Any CPU.ActiveCfg = Release|Any CPU
		{3DC4C613-A02C-43D5-8C92-7536EADA6B49}.Release|Any CPU.Build.0 = Release|Any CPU
	EndGlobalSection
	GlobalSection(SolutionProperties) = preSolution
		HideSolutionNode = FALSE
	EndGlobalSection
	GlobalSection(ExtensibilityGlobals) = postSolution
		SolutionGuid = {0C033F3A-2179-4F7D-9627-9C570CFB67DE}
	EndGlobalSection
EndGlobal
